
Microsoft Visual Studio Solution File, Format Version 12.00
# Visual Studio Version 17
VisualStudioVersion = 17.1.32421.90
MinimumVisualStudioVersion = 10.0.40219.1
Project("{FAE04EC0-301F-11D3-BF4B-00C04F79EFBC}") = "Entrate", "Entrate\Entrate.csproj", "{D759BE4E-58C2-49EF-A5ED-BF52CEEA6FB2}"
EndProject
Global
	GlobalSection(SolutionConfigurationPlatforms) = preSolution
		Debug|Any CPU = Debug|Any CPU
		Release|Any CPU = Release|Any CPU
	EndGlobalSection
	GlobalSection(ProjectConfigurationPlatforms) = postSolution
		{D759BE4E-58C2-49EF-A5ED-BF52CEEA6FB2}.Debug|Any CPU.ActiveCfg = Debug|Any CPU
		{D759BE4E-58C2-49EF-A5ED-BF52CEEA6FB2}.Debug|Any CPU.Build.0 = Debug|Any CPU
		{D759BE4E-58C2-49EF-A5ED-BF52CEEA6FB2}.Release|Any CPU.ActiveCfg = Release|Any CPU
		{D759BE4E-58C2-49EF-A5ED-BF52CEEA6FB2}.Release|Any CPU.Build.0 = Release|Any CPU
	EndGlobalSection
	GlobalSection(SolutionProperties) = preSolution
		HideSolutionNode = FALSE
	EndGlobalSection
	GlobalSection(ExtensibilityGlobals) = postSolution
		SolutionGuid = {4D817686-ECAC-47DA-9835-3794947973FB}
	EndGlobalSection
EndGlobal
